
Microsoft Visual Studio Solution File, Format Version 12.00
# Visual Studio Version 17
VisualStudioVersion = 17.4.33213.308
MinimumVisualStudioVersion = 10.0.40219.1
Project("{FAE04EC0-301F-11D3-BF4B-00C04F79EFBC}") = "PixelMaker", "src\PixelMaker\PixelMaker.csproj", "{3458594A-91F9-4E40-B1EF-3E33C40A00CD}"
EndProject
Global
	GlobalSection(SolutionConfigurationPlatforms) = preSolution
		Debug|Any CPU = Debug|Any CPU
		Release|Any CPU = Release|Any CPU
	EndGlobalSection
	GlobalSection(ProjectConfigurationPlatforms) = postSolution
		{3458594A-91F9-4E40-B1EF-3E33C40A00CD}.Debug|Any CPU.ActiveCfg = Debug|Any CPU
		{3458594A-91F9-4E40-B1EF-3E33C40A00CD}.Debug|Any CPU.Build.0 = Debug|Any CPU
		{3458594A-91F9-4E40-B1EF-3E33C40A00CD}.Release|Any CPU.ActiveCfg = Release|Any CPU
		{3458594A-91F9-4E40-B1EF-3E33C40A00CD}.Release|Any CPU.Build.0 = Release|Any CPU
	EndGlobalSection
	GlobalSection(SolutionProperties) = preSolution
		HideSolutionNode = FALSE
	EndGlobalSection
	GlobalSection(ExtensibilityGlobals) = postSolution
		SolutionGuid = {DAAE26BB-AF73-41ED-ABF8-C9903C477D50}
	EndGlobalSection
EndGlobal
